// !$*UTF8*$!
{
	archiveVersion = 1;
	classes = {
	};
	objectVersion = 50;
	objects = {

/* Begin PBXBuildFile section */
		1AD0163126B2E7B9002679B4 /* AppDelegate.swift in Sources */ = {isa = PBXBuildFile; fileRef = 1AD0163026B2E7B9002679B4 /* AppDelegate.swift */; };
		1AD0163326B2E7B9002679B4 /* SceneDelegate.swift in Sources */ = {isa = PBXBuildFile; fileRef = 1AD0163226B2E7B9002679B4 /* SceneDelegate.swift */; };
		1AD0163526B2E7B9002679B4 /* TerminalViewController.swift in Sources */ = {isa = PBXBuildFile; fileRef = 1AD0163426B2E7B9002679B4 /* TerminalViewController.swift */; };
		1AD0163826B2E7B9002679B4 /* Main.storyboard in Resources */ = {isa = PBXBuildFile; fileRef = 1AD0163626B2E7B9002679B4 /* Main.storyboard */; };
		1AD0163A26B2E7BA002679B4 /* Assets.xcassets in Resources */ = {isa = PBXBuildFile; fileRef = 1AD0163926B2E7BA002679B4 /* Assets.xcassets */; };
		1AD0163D26B2E7BA002679B4 /* LaunchScreen.storyboard in Resources */ = {isa = PBXBuildFile; fileRef = 1AD0163B26B2E7BA002679B4 /* LaunchScreen.storyboard */; };
		1AD0164826B2E7BA002679B4 /* TerminalViewModelTests.swift in Sources */ = {isa = PBXBuildFile; fileRef = 1AD0164726B2E7BA002679B4 /* TerminalViewModelTests.swift */; };
		1AD0166126B2EDCD002679B4 /* DataStorageService.swift in Sources */ = {isa = PBXBuildFile; fileRef = 1AD0166026B2EDCD002679B4 /* DataStorageService.swift */; };
		1AD0166626B2F2CB002679B4 /* CommandEnum.swift in Sources */ = {isa = PBXBuildFile; fileRef = 1AD0166526B2F2CB002679B4 /* CommandEnum.swift */; };
		1AD0166826B33541002679B4 /* TerminalViewModel.swift in Sources */ = {isa = PBXBuildFile; fileRef = 1AD0166726B33541002679B4 /* TerminalViewModel.swift */; };
		1AD0166B26B3E513002679B4 /* Constants.swift in Sources */ = {isa = PBXBuildFile; fileRef = 1AD0166A26B3E513002679B4 /* Constants.swift */; };
		1AF7296726BC0334004E6AF9 /* Stack.swift in Sources */ = {isa = PBXBuildFile; fileRef = 1AF7296626BC0334004E6AF9 /* Stack.swift */; };
		1AF7296926BC09B0004E6AF9 /* StackUnitTest.swift in Sources */ = {isa = PBXBuildFile; fileRef = 1AF7296826BC09B0004E6AF9 /* StackUnitTest.swift */; };
		1AF7296B26BC13B8004E6AF9 /* DataStorageUnitTest.swift in Sources */ = {isa = PBXBuildFile; fileRef = 1AF7296A26BC13B8004E6AF9 /* DataStorageUnitTest.swift */; };
/* End PBXBuildFile section */

/* Begin PBXContainerItemProxy section */
		1AD0164426B2E7BA002679B4 /* PBXContainerItemProxy */ = {
			isa = PBXContainerItemProxy;
			containerPortal = 1AD0162526B2E7B9002679B4 /* Project object */;
			proxyType = 1;
			remoteGlobalIDString = 1AD0162C26B2E7B9002679B4;
			remoteInfo = TransactionalKeyValueStore;
		};
/* End PBXContainerItemProxy section */

/* Begin PBXFileReference section */
		1AD0162D26B2E7B9002679B4 /* TransactionalKeyValueStore.app */ = {isa = PBXFileReference; explicitFileType = wrapper.application; includeInIndex = 0; path = TransactionalKeyValueStore.app; sourceTree = BUILT_PRODUCTS_DIR; };
		1AD0163026B2E7B9002679B4 /* AppDelegate.swift */ = {isa = PBXFileReference; lastKnownFileType = sourcecode.swift; path = AppDelegate.swift; sourceTree = "<group>"; };
		1AD0163226B2E7B9002679B4 /* SceneDelegate.swift */ = {isa = PBXFileReference; lastKnownFileType = sourcecode.swift; path = SceneDelegate.swift; sourceTree = "<group>"; };
		1AD0163426B2E7B9002679B4 /* TerminalViewController.swift */ = {isa = PBXFileReference; lastKnownFileType = sourcecode.swift; path = TerminalViewController.swift; sourceTree = "<group>"; };
		1AD0163726B2E7B9002679B4 /* Base */ = {isa = PBXFileReference; lastKnownFileType = file.storyboard; name = Base; path = Base.lproj/Main.storyboard; sourceTree = "<group>"; };
		1AD0163926B2E7BA002679B4 /* Assets.xcassets */ = {isa = PBXFileReference; lastKnownFileType = folder.assetcatalog; path = Assets.xcassets; sourceTree = "<group>"; };
		1AD0163C26B2E7BA002679B4 /* Base */ = {isa = PBXFileReference; lastKnownFileType = file.storyboard; name = Base; path = Base.lproj/LaunchScreen.storyboard; sourceTree = "<group>"; };
		1AD0163E26B2E7BA002679B4 /* Info.plist */ = {isa = PBXFileReference; lastKnownFileType = text.plist.xml; path = Info.plist; sourceTree = "<group>"; };
		1AD0164326B2E7BA002679B4 /* TransactionalKeyValueStoreTests.xctest */ = {isa = PBXFileReference; explicitFileType = wrapper.cfbundle; includeInIndex = 0; path = TransactionalKeyValueStoreTests.xctest; sourceTree = BUILT_PRODUCTS_DIR; };
		1AD0164726B2E7BA002679B4 /* TerminalViewModelTests.swift */ = {isa = PBXFileReference; lastKnownFileType = sourcecode.swift; path = TerminalViewModelTests.swift; sourceTree = "<group>"; };
		1AD0164926B2E7BA002679B4 /* Info.plist */ = {isa = PBXFileReference; lastKnownFileType = text.plist.xml; path = Info.plist; sourceTree = "<group>"; };
		1AD0166026B2EDCD002679B4 /* DataStorageService.swift */ = {isa = PBXFileReference; lastKnownFileType = sourcecode.swift; path = DataStorageService.swift; sourceTree = "<group>"; };
		1AD0166526B2F2CB002679B4 /* CommandEnum.swift */ = {isa = PBXFileReference; lastKnownFileType = sourcecode.swift; path = CommandEnum.swift; sourceTree = "<group>"; };
		1AD0166726B33541002679B4 /* TerminalViewModel.swift */ = {isa = PBXFileReference; lastKnownFileType = sourcecode.swift; path = TerminalViewModel.swift; sourceTree = "<group>"; };
		1AD0166A26B3E513002679B4 /* Constants.swift */ = {isa = PBXFileReference; lastKnownFileType = sourcecode.swift; path = Constants.swift; sourceTree = "<group>"; };
		1AF7296626BC0334004E6AF9 /* Stack.swift */ = {isa = PBXFileReference; lastKnownFileType = sourcecode.swift; path = Stack.swift; sourceTree = "<group>"; };
		1AF7296826BC09B0004E6AF9 /* StackUnitTest.swift */ = {isa = PBXFileReference; lastKnownFileType = sourcecode.swift; path = StackUnitTest.swift; sourceTree = "<group>"; };
		1AF7296A26BC13B8004E6AF9 /* DataStorageUnitTest.swift */ = {isa = PBXFileReference; lastKnownFileType = sourcecode.swift; path = DataStorageUnitTest.swift; sourceTree = "<group>"; };
/* End PBXFileReference section */

/* Begin PBXFrameworksBuildPhase section */
		1AD0162A26B2E7B9002679B4 /* Frameworks */ = {
			isa = PBXFrameworksBuildPhase;
			buildActionMask = 2147483647;
			files = (
			);
			runOnlyForDeploymentPostprocessing = 0;
		};
		1AD0164026B2E7BA002679B4 /* Frameworks */ = {
			isa = PBXFrameworksBuildPhase;
			buildActionMask = 2147483647;
			files = (
			);
			runOnlyForDeploymentPostprocessing = 0;
		};
/* End PBXFrameworksBuildPhase section */

/* Begin PBXGroup section */
		1A84851526B3EF3E009BB081 /* Utils */ = {
			isa = PBXGroup;
			children = (
				1AD0166A26B3E513002679B4 /* Constants.swift */,
			);
			path = Utils;
			sourceTree = "<group>";
		};
		1AD0162426B2E7B9002679B4 = {
			isa = PBXGroup;
			children = (
				1AD0162F26B2E7B9002679B4 /* TransactionalKeyValueStore */,
				1AD0164626B2E7BA002679B4 /* TransactionalKeyValueStoreTests */,
				1AD0162E26B2E7B9002679B4 /* Products */,
			);
			sourceTree = "<group>";
		};
		1AD0162E26B2E7B9002679B4 /* Products */ = {
			isa = PBXGroup;
			children = (
				1AD0162D26B2E7B9002679B4 /* TransactionalKeyValueStore.app */,
				1AD0164326B2E7BA002679B4 /* TransactionalKeyValueStoreTests.xctest */,
			);
			name = Products;
			sourceTree = "<group>";
		};
		1AD0162F26B2E7B9002679B4 /* TransactionalKeyValueStore */ = {
			isa = PBXGroup;
			children = (
				1AD0163026B2E7B9002679B4 /* AppDelegate.swift */,
				1AD0163226B2E7B9002679B4 /* SceneDelegate.swift */,
				1A84851526B3EF3E009BB081 /* Utils */,
				1AD0166926B33D6A002679B4 /* ViewModel */,
				1AD0166326B2F286002679B4 /* ViewControllers */,
				1AD0166226B2F274002679B4 /* Services */,
				1AD0163626B2E7B9002679B4 /* Main.storyboard */,
				1AD0163926B2E7BA002679B4 /* Assets.xcassets */,
				1AD0163B26B2E7BA002679B4 /* LaunchScreen.storyboard */,
				1AD0163E26B2E7BA002679B4 /* Info.plist */,
			);
			path = TransactionalKeyValueStore;
			sourceTree = "<group>";
		};
		1AD0164626B2E7BA002679B4 /* TransactionalKeyValueStoreTests */ = {
			isa = PBXGroup;
			children = (
				1AD0164726B2E7BA002679B4 /* TerminalViewModelTests.swift */,
				1AF7296826BC09B0004E6AF9 /* StackUnitTest.swift */,
				1AF7296A26BC13B8004E6AF9 /* DataStorageUnitTest.swift */,
				1AD0164926B2E7BA002679B4 /* Info.plist */,
			);
			path = TransactionalKeyValueStoreTests;
			sourceTree = "<group>";
		};
		1AD0166226B2F274002679B4 /* Services */ = {
			isa = PBXGroup;
			children = (
				1AD0166026B2EDCD002679B4 /* DataStorageService.swift */,
				1AF7296626BC0334004E6AF9 /* Stack.swift */,
			);
			path = Services;
			sourceTree = "<group>";
		};
		1AD0166326B2F286002679B4 /* ViewControllers */ = {
			isa = PBXGroup;
			children = (
				1AD0163426B2E7B9002679B4 /* TerminalViewController.swift */,
			);
			path = ViewControllers;
			sourceTree = "<group>";
		};
		1AD0166926B33D6A002679B4 /* ViewModel */ = {
			isa = PBXGroup;
			children = (
				1AD0166526B2F2CB002679B4 /* CommandEnum.swift */,
				1AD0166726B33541002679B4 /* TerminalViewModel.swift */,
			);
			path = ViewModel;
			sourceTree = "<group>";
		};
/* End PBXGroup section */

/* Begin PBXNativeTarget section */
		1AD0162C26B2E7B9002679B4 /* TransactionalKeyValueStore */ = {
			isa = PBXNativeTarget;
			buildConfigurationList = 1AD0165726B2E7BA002679B4 /* Build configuration list for PBXNativeTarget "TransactionalKeyValueStore" */;
			buildPhases = (
				1AD0162926B2E7B9002679B4 /* Sources */,
				1AD0162A26B2E7B9002679B4 /* Frameworks */,
				1AD0162B26B2E7B9002679B4 /* Resources */,
			);
			buildRules = (
			);
			dependencies = (
			);
			name = TransactionalKeyValueStore;
			productName = TransactionalKeyValueStore;
			productReference = 1AD0162D26B2E7B9002679B4 /* TransactionalKeyValueStore.app */;
			productType = "com.apple.product-type.application";
		};
		1AD0164226B2E7BA002679B4 /* TransactionalKeyValueStoreTests */ = {
			isa = PBXNativeTarget;
			buildConfigurationList = 1AD0165A26B2E7BA002679B4 /* Build configuration list for PBXNativeTarget "TransactionalKeyValueStoreTests" */;
			buildPhases = (
				1AD0163F26B2E7BA002679B4 /* Sources */,
				1AD0164026B2E7BA002679B4 /* Frameworks */,
				1AD0164126B2E7BA002679B4 /* Resources */,
			);
			buildRules = (
			);
			dependencies = (
				1AD0164526B2E7BA002679B4 /* PBXTargetDependency */,
			);
			name = TransactionalKeyValueStoreTests;
			productName = TransactionalKeyValueStoreTests;
			productReference = 1AD0164326B2E7BA002679B4 /* TransactionalKeyValueStoreTests.xctest */;
			productType = "com.apple.product-type.bundle.unit-test";
		};
/* End PBXNativeTarget section */

/* Begin PBXProject section */
		1AD0162526B2E7B9002679B4 /* Project object */ = {
			isa = PBXProject;
			attributes = {
				LastSwiftUpdateCheck = 1250;
				LastUpgradeCheck = 1250;
				TargetAttributes = {
					1AD0162C26B2E7B9002679B4 = {
						CreatedOnToolsVersion = 12.5;
					};
					1AD0164226B2E7BA002679B4 = {
						CreatedOnToolsVersion = 12.5;
						TestTargetID = 1AD0162C26B2E7B9002679B4;
					};
				};
			};
			buildConfigurationList = 1AD0162826B2E7B9002679B4 /* Build configuration list for PBXProject "TransactionalKeyValueStore" */;
			compatibilityVersion = "Xcode 9.3";
			developmentRegion = en;
			hasScannedForEncodings = 0;
			knownRegions = (
				en,
				Base,
			);
			mainGroup = 1AD0162426B2E7B9002679B4;
			productRefGroup = 1AD0162E26B2E7B9002679B4 /* Products */;
			projectDirPath = "";
			projectRoot = "";
			targets = (
				1AD0162C26B2E7B9002679B4 /* TransactionalKeyValueStore */,
				1AD0164226B2E7BA002679B4 /* TransactionalKeyValueStoreTests */,
			);
		};
/* End PBXProject section */

/* Begin PBXResourcesBuildPhase section */
		1AD0162B26B2E7B9002679B4 /* Resources */ = {
			isa = PBXResourcesBuildPhase;
			buildActionMask = 2147483647;
			files = (
				1AD0163D26B2E7BA002679B4 /* LaunchScreen.storyboard in Resources */,
				1AD0163A26B2E7BA002679B4 /* Assets.xcassets in Resources */,
				1AD0163826B2E7B9002679B4 /* Main.storyboard in Resources */,
			);
			runOnlyForDeploymentPostprocessing = 0;
		};
		1AD0164126B2E7BA002679B4 /* Resources */ = {
			isa = PBXResourcesBuildPhase;
			buildActionMask = 2147483647;
			files = (
			);
			runOnlyForDeploymentPostprocessing = 0;
		};
/* End PBXResourcesBuildPhase section */

/* Begin PBXSourcesBuildPhase section */
		1AD0162926B2E7B9002679B4 /* Sources */ = {
			isa = PBXSourcesBuildPhase;
			buildActionMask = 2147483647;
			files = (
				1AD0163526B2E7B9002679B4 /* TerminalViewController.swift in Sources */,
				1AD0163126B2E7B9002679B4 /* AppDelegate.swift in Sources */,
				1AD0166626B2F2CB002679B4 /* CommandEnum.swift in Sources */,
				1AD0166B26B3E513002679B4 /* Constants.swift in Sources */,
				1AF7296726BC0334004E6AF9 /* Stack.swift in Sources */,
				1AD0163326B2E7B9002679B4 /* SceneDelegate.swift in Sources */,
				1AD0166826B33541002679B4 /* TerminalViewModel.swift in Sources */,
				1AD0166126B2EDCD002679B4 /* DataStorageService.swift in Sources */,
			);
			runOnlyForDeploymentPostprocessing = 0;
		};
		1AD0163F26B2E7BA002679B4 /* Sources */ = {
			isa = PBXSourcesBuildPhase;
			buildActionMask = 2147483647;
			files = (
				1AF7296B26BC13B8004E6AF9 /* DataStorageUnitTest.swift in Sources */,
				1AF7296926BC09B0004E6AF9 /* StackUnitTest.swift in Sources */,
				1AD0164826B2E7BA002679B4 /* TerminalViewModelTests.swift in Sources */,
			);
			runOnlyForDeploymentPostprocessing = 0;
		};
/* End PBXSourcesBuildPhase section */

/* Begin PBXTargetDependency section */
		1AD0164526B2E7BA002679B4 /* PBXTargetDependency */ = {
			isa = PBXTargetDependency;
			target = 1AD0162C26B2E7B9002679B4 /* TransactionalKeyValueStore */;
			targetProxy = 1AD0164426B2E7BA002679B4 /* PBXContainerItemProxy */;
		};
/* End PBXTargetDependency section */

/* Begin PBXVariantGroup section */
		1AD0163626B2E7B9002679B4 /* Main.storyboard */ = {
			isa = PBXVariantGroup;
			children = (
				1AD0163726B2E7B9002679B4 /* Base */,
			);
			name = Main.storyboard;
			sourceTree = "<group>";
		};
		1AD0163B26B2E7BA002679B4 /* LaunchScreen.storyboard */ = {
			isa = PBXVariantGroup;
			children = (
				1AD0163C26B2E7BA002679B4 /* Base */,
			);
			name = LaunchScreen.storyboard;
			sourceTree = "<group>";
		};
/* End PBXVariantGroup section */

/* Begin XCBuildConfiguration section */
		1AD0165526B2E7BA002679B4 /* Debug */ = {
			isa = XCBuildConfiguration;
			buildSettings = {
				ALWAYS_SEARCH_USER_PATHS = NO;
				CLANG_ANALYZER_NONNULL = YES;
				CLANG_ANALYZER_NUMBER_OBJECT_CONVERSION = YES_AGGRESSIVE;
				CLANG_CXX_LANGUAGE_STANDARD = "gnu++14";
				CLANG_CXX_LIBRARY = "libc++";
				CLANG_ENABLE_MODULES = YES;
				CLANG_ENABLE_OBJC_ARC = YES;
				CLANG_ENABLE_OBJC_WEAK = YES;
				CLANG_WARN_BLOCK_CAPTURE_AUTORELEASING = YES;
				CLANG_WARN_BOOL_CONVERSION = YES;
				CLANG_WARN_COMMA = YES;
				CLANG_WARN_CONSTANT_CONVERSION = YES;
				CLANG_WARN_DEPRECATED_OBJC_IMPLEMENTATIONS = YES;
				CLANG_WARN_DIRECT_OBJC_ISA_USAGE = YES_ERROR;
				CLANG_WARN_DOCUMENTATION_COMMENTS = YES;
				CLANG_WARN_EMPTY_BODY = YES;
				CLANG_WARN_ENUM_CONVERSION = YES;
				CLANG_WARN_INFINITE_RECURSION = YES;
				CLANG_WARN_INT_CONVERSION = YES;
				CLANG_WARN_NON_LITERAL_NULL_CONVERSION = YES;
				CLANG_WARN_OBJC_IMPLICIT_RETAIN_SELF = YES;
				CLANG_WARN_OBJC_LITERAL_CONVERSION = YES;
				CLANG_WARN_OBJC_ROOT_CLASS = YES_ERROR;
				CLANG_WARN_QUOTED_INCLUDE_IN_FRAMEWORK_HEADER = YES;
				CLANG_WARN_RANGE_LOOP_ANALYSIS = YES;
				CLANG_WARN_STRICT_PROTOTYPES = YES;
				CLANG_WARN_SUSPICIOUS_MOVE = YES;
				CLANG_WARN_UNGUARDED_AVAILABILITY = YES_AGGRESSIVE;
				CLANG_WARN_UNREACHABLE_CODE = YES;
				CLANG_WARN__DUPLICATE_METHOD_MATCH = YES;
				COPY_PHASE_STRIP = NO;
				DEBUG_INFORMATION_FORMAT = dwarf;
				ENABLE_STRICT_OBJC_MSGSEND = YES;
				ENABLE_TESTABILITY = YES;
				GCC_C_LANGUAGE_STANDARD = gnu11;
				GCC_DYNAMIC_NO_PIC = NO;
				GCC_NO_COMMON_BLOCKS = YES;
				GCC_OPTIMIZATION_LEVEL = 0;
				GCC_PREPROCESSOR_DEFINITIONS = (
					"DEBUG=1",
					"$(inherited)",
				);
				GCC_WARN_64_TO_32_BIT_CONVERSION = YES;
				GCC_WARN_ABOUT_RETURN_TYPE = YES_ERROR;
				GCC_WARN_UNDECLARED_SELECTOR = YES;
				GCC_WARN_UNINITIALIZED_AUTOS = YES_AGGRESSIVE;
				GCC_WARN_UNUSED_FUNCTION = YES;
				GCC_WARN_UNUSED_VARIABLE = YES;
				IPHONEOS_DEPLOYMENT_TARGET = 14.5;
				MTL_ENABLE_DEBUG_INFO = INCLUDE_SOURCE;
				MTL_FAST_MATH = YES;
				ONLY_ACTIVE_ARCH = YES;
				SDKROOT = iphoneos;
				SWIFT_ACTIVE_COMPILATION_CONDITIONS = DEBUG;
				SWIFT_OPTIMIZATION_LEVEL = "-Onone";
			};
			name = Debug;
		};
		1AD0165626B2E7BA002679B4 /* Release */ = {
			isa = XCBuildConfiguration;
			buildSettings = {
				ALWAYS_SEARCH_USER_PATHS = NO;
				CLANG_ANALYZER_NONNULL = YES;
				CLANG_ANALYZER_NUMBER_OBJECT_CONVERSION = YES_AGGRESSIVE;
				CLANG_CXX_LANGUAGE_STANDARD = "gnu++14";
				CLANG_CXX_LIBRARY = "libc++";
				CLANG_ENABLE_MODULES = YES;
				CLANG_ENABLE_OBJC_ARC = YES;
				CLANG_ENABLE_OBJC_WEAK = YES;
				CLANG_WARN_BLOCK_CAPTURE_AUTORELEASING = YES;
				CLANG_WARN_BOOL_CONVERSION = YES;
				CLANG_WARN_COMMA = YES;
				CLANG_WARN_CONSTANT_CONVERSION = YES;
				CLANG_WARN_DEPRECATED_OBJC_IMPLEMENTATIONS = YES;
				CLANG_WARN_DIRECT_OBJC_ISA_USAGE = YES_ERROR;
				CLANG_WARN_DOCUMENTATION_COMMENTS = YES;
				CLANG_WARN_EMPTY_BODY = YES;
				CLANG_WARN_ENUM_CONVERSION = YES;
				CLANG_WARN_INFINITE_RECURSION = YES;
				CLANG_WARN_INT_CONVERSION = YES;
				CLANG_WARN_NON_LITERAL_NULL_CONVERSION = YES;
				CLANG_WARN_OBJC_IMPLICIT_RETAIN_SELF = YES;
				CLANG_WARN_OBJC_LITERAL_CONVERSION = YES;
				CLANG_WARN_OBJC_ROOT_CLASS = YES_ERROR;
				CLANG_WARN_QUOTED_INCLUDE_IN_FRAMEWORK_HEADER = YES;
				CLANG_WARN_RANGE_LOOP_ANALYSIS = YES;
				CLANG_WARN_STRICT_PROTOTYPES = YES;
				CLANG_WARN_SUSPICIOUS_MOVE = YES;
				CLANG_WARN_UNGUARDED_AVAILABILITY = YES_AGGRESSIVE;
				CLANG_WARN_UNREACHABLE_CODE = YES;
				CLANG_WARN__DUPLICATE_METHOD_MATCH = YES;
				COPY_PHASE_STRIP = NO;
				DEBUG_INFORMATION_FORMAT = "dwarf-with-dsym";
				ENABLE_NS_ASSERTIONS = NO;
				ENABLE_STRICT_OBJC_MSGSEND = YES;
				GCC_C_LANGUAGE_STANDARD = gnu11;
				GCC_NO_COMMON_BLOCKS = YES;
				GCC_WARN_64_TO_32_BIT_CONVERSION = YES;
				GCC_WARN_ABOUT_RETURN_TYPE = YES_ERROR;
				GCC_WARN_UNDECLARED_SELECTOR = YES;
				GCC_WARN_UNINITIALIZED_AUTOS = YES_AGGRESSIVE;
				GCC_WARN_UNUSED_FUNCTION = YES;
				GCC_WARN_UNUSED_VARIABLE = YES;
				IPHONEOS_DEPLOYMENT_TARGET = 14.5;
				MTL_ENABLE_DEBUG_INFO = NO;
				MTL_FAST_MATH = YES;
				SDKROOT = iphoneos;
				SWIFT_COMPILATION_MODE = wholemodule;
				SWIFT_OPTIMIZATION_LEVEL = "-O";
				VALIDATE_PRODUCT = YES;
			};
			name = Release;
		};
		1AD0165826B2E7BA002679B4 /* Debug */ = {
			isa = XCBuildConfiguration;
			buildSettings = {
				ASSETCATALOG_COMPILER_APPICON_NAME = AppIcon;
				ASSETCATALOG_COMPILER_GLOBAL_ACCENT_COLOR_NAME = AccentColor;
				CODE_SIGN_STYLE = Automatic;
				DEVELOPMENT_TEAM = GA56SWJ3YH;
				INFOPLIST_FILE = TransactionalKeyValueStore/Info.plist;
				LD_RUNPATH_SEARCH_PATHS = (
					"$(inherited)",
					"@executable_path/Frameworks",
				);
				PRODUCT_BUNDLE_IDENTIFIER = com.tarik.TransactionalKeyValueStore;
				PRODUCT_NAME = "$(TARGET_NAME)";
				SWIFT_VERSION = 5.0;
				TARGETED_DEVICE_FAMILY = "1,2";
			};
			name = Debug;
		};
		1AD0165926B2E7BA002679B4 /* Release */ = {
			isa = XCBuildConfiguration;
			buildSettings = {
				ASSETCATALOG_COMPILER_APPICON_NAME = AppIcon;
				ASSETCATALOG_COMPILER_GLOBAL_ACCENT_COLOR_NAME = AccentColor;
				CODE_SIGN_STYLE = Automatic;
				DEVELOPMENT_TEAM = GA56SWJ3YH;
				INFOPLIST_FILE = TransactionalKeyValueStore/Info.plist;
				LD_RUNPATH_SEARCH_PATHS = (
					"$(inherited)",
					"@executable_path/Frameworks",
				);
				PRODUCT_BUNDLE_IDENTIFIER = com.tarik.TransactionalKeyValueStore;
				PRODUCT_NAME = "$(TARGET_NAME)";
				SWIFT_VERSION = 5.0;
				TARGETED_DEVICE_FAMILY = "1,2";
			};
			name = Release;
		};
		1AD0165B26B2E7BA002679B4 /* Debug */ = {
			isa = XCBuildConfiguration;
			buildSettings = {
				ALWAYS_EMBED_SWIFT_STANDARD_LIBRARIES = YES;
				BUNDLE_LOADER = "$(TEST_HOST)";
				CODE_SIGN_STYLE = Automatic;
				DEVELOPMENT_TEAM = GA56SWJ3YH;
				INFOPLIST_FILE = TransactionalKeyValueStoreTests/Info.plist;
				IPHONEOS_DEPLOYMENT_TARGET = 14.5;
				LD_RUNPATH_SEARCH_PATHS = (
					"$(inherited)",
					"@executable_path/Frameworks",
					"@loader_path/Frameworks",
				);
				PRODUCT_BUNDLE_IDENTIFIER = com.tarik.TransactionalKeyValueStoreTests;
				PRODUCT_NAME = "$(TARGET_NAME)";
				SWIFT_VERSION = 5.0;
				TARGETED_DEVICE_FAMILY = "1,2";
				TEST_HOST = "$(BUILT_PRODUCTS_DIR)/TransactionalKeyValueStore.app/TransactionalKeyValueStore";
			};
			name = Debug;
		};
		1AD0165C26B2E7BA002679B4 /* Release */ = {
			isa = XCBuildConfiguration;
			buildSettings = {
				ALWAYS_EMBED_SWIFT_STANDARD_LIBRARIES = YES;
				BUNDLE_LOADER = "$(TEST_HOST)";
				CODE_SIGN_STYLE = Automatic;
				DEVELOPMENT_TEAM = GA56SWJ3YH;
				INFOPLIST_FILE = TransactionalKeyValueStoreTests/Info.plist;
				IPHONEOS_DEPLOYMENT_TARGET = 14.5;
				LD_RUNPATH_SEARCH_PATHS = (
					"$(inherited)",
					"@executable_path/Frameworks",
					"@loader_path/Frameworks",
				);
				PRODUCT_BUNDLE_IDENTIFIER = com.tarik.TransactionalKeyValueStoreTests;
				PRODUCT_NAME = "$(TARGET_NAME)";
				SWIFT_VERSION = 5.0;
				TARGETED_DEVICE_FAMILY = "1,2";
				TEST_HOST = "$(BUILT_PRODUCTS_DIR)/TransactionalKeyValueStore.app/TransactionalKeyValueStore";
			};
			name = Release;
		};
/* End XCBuildConfiguration section */

/* Begin XCConfigurationList section */
		1AD0162826B2E7B9002679B4 /* Build configuration list for PBXProject "TransactionalKeyValueStore" */ = {
			isa = XCConfigurationList;
			buildConfigurations = (
				1AD0165526B2E7BA002679B4 /* Debug */,
				1AD0165626B2E7BA002679B4 /* Release */,
			);
			defaultConfigurationIsVisible = 0;
			defaultConfigurationName = Release;
		};
		1AD0165726B2E7BA002679B4 /* Build configuration list for PBXNativeTarget "TransactionalKeyValueStore" */ = {
			isa = XCConfigurationList;
			buildConfigurations = (
				1AD0165826B2E7BA002679B4 /* Debug */,
				1AD0165926B2E7BA002679B4 /* Release */,
			);
			defaultConfigurationIsVisible = 0;
			defaultConfigurationName = Release;
		};
		1AD0165A26B2E7BA002679B4 /* Build configuration list for PBXNativeTarget "TransactionalKeyValueStoreTests" */ = {
			isa = XCConfigurationList;
			buildConfigurations = (
				1AD0165B26B2E7BA002679B4 /* Debug */,
				1AD0165C26B2E7BA002679B4 /* Release */,
			);
			defaultConfigurationIsVisible = 0;
			defaultConfigurationName = Release;
		};
/* End XCConfigurationList section */
	};
	rootObject = 1AD0162526B2E7B9002679B4 /* Project object */;
}
